
Microsoft Visual Studio Solution File, Format Version 12.00
# Visual Studio 15
VisualStudioVersion = 15.0.28307.960
MinimumVisualStudioVersion = 10.0.40219.1
Project("{FAE04EC0-301F-11D3-BF4B-00C04F79EFBC}") = "EMM.Android", "EMM\EMM.Android\EMM.Android.csproj", "{24CE3C36-16B9-426D-AA0C-5961ECF8D88C}"
EndProject
Project("{FAE04EC0-301F-11D3-BF4B-00C04F79EFBC}") = "EMM.iOS", "EMM\EMM.iOS\EMM.iOS.csproj", "{FB7D250A-9D98-4BC9-9E74-A8222DF54504}"
EndProject
Project("{9A19103F-16F7-4668-BE54-9A1E7A4F7556}") = "EMM", "EMM\EMM\EMM.csproj", "{95D25413-4E3D-486D-A984-5BD32C438288}"
EndProject
Project("{FAE04EC0-301F-11D3-BF4B-00C04F79EFBC}") = "EMM_API", "EMM_API\EMM_API.csproj", "{755484EE-702C-47F3-8F0E-B1B16595F46C}"
EndProject
Project("{FAE04EC0-301F-11D3-BF4B-00C04F79EFBC}") = "EMM.NUnitTests", "EMM.NUnitTests\EMM.NUnitTests.csproj", "{36B3343F-5D30-43BC-A3D7-371DFCF7A82E}"
EndProject
Project("{FAE04EC0-301F-11D3-BF4B-00C04F79EFBC}") = "ImmutableObject", "..\ImmutableObject\ImmutableObject\ImmutableObject.csproj", "{4AEFDB59-CAD9-4FD0-954E-F2C686200A55}"
EndProject
Global
	GlobalSection(SolutionConfigurationPlatforms) = preSolution
		Ad-Hoc|Any CPU = Ad-Hoc|Any CPU
		Ad-Hoc|ARM = Ad-Hoc|ARM
		Ad-Hoc|ARM64 = Ad-Hoc|ARM64
		Ad-Hoc|iPhone = Ad-Hoc|iPhone
		Ad-Hoc|iPhoneSimulator = Ad-Hoc|iPhoneSimulator
		Ad-Hoc|x64 = Ad-Hoc|x64
		Ad-Hoc|x86 = Ad-Hoc|x86
		AppStore|Any CPU = AppStore|Any CPU
		AppStore|ARM = AppStore|ARM
		AppStore|ARM64 = AppStore|ARM64
		AppStore|iPhone = AppStore|iPhone
		AppStore|iPhoneSimulator = AppStore|iPhoneSimulator
		AppStore|x64 = AppStore|x64
		AppStore|x86 = AppStore|x86
		Debug|Any CPU = Debug|Any CPU
		Debug|ARM = Debug|ARM
		Debug|ARM64 = Debug|ARM64
		Debug|iPhone = Debug|iPhone
		Debug|iPhoneSimulator = Debug|iPhoneSimulator
		Debug|x64 = Debug|x64
		Debug|x86 = Debug|x86
		Release|Any CPU = Release|Any CPU
		Release|ARM = Release|ARM
		Release|ARM64 = Release|ARM64
		Release|iPhone = Release|iPhone
		Release|iPhoneSimulator = Release|iPhoneSimulator
		Release|x64 = Release|x64
		Release|x86 = Release|x86
	EndGlobalSection
	GlobalSection(ProjectConfigurationPlatforms) = postSolution
		{24CE3C36-16B9-426D-AA0C-5961ECF8D88C}.Ad-Hoc|Any CPU.ActiveCfg = Release|Any CPU
		{24CE3C36-16B9-426D-AA0C-5961ECF8D88C}.Ad-Hoc|Any CPU.Build.0 = Release|Any CPU
		{24CE3C36-16B9-426D-AA0C-5961ECF8D88C}.Ad-Hoc|Any CPU.Deploy.0 = Release|Any CPU
		{24CE3C36-16B9-426D-AA0C-5961ECF8D88C}.Ad-Hoc|ARM.ActiveCfg = Release|Any CPU
		{24CE3C36-16B9-426D-AA0C-5961ECF8D88C}.Ad-Hoc|ARM.Build.0 = Release|Any CPU
		{24CE3C36-16B9-426D-AA0C-5961ECF8D88C}.Ad-Hoc|ARM.Deploy.0 = Release|Any CPU
		{24CE3C36-16B9-426D-AA0C-5961ECF8D88C}.Ad-Hoc|ARM64.ActiveCfg = Release|Any CPU
		{24CE3C36-16B9-426D-AA0C-5961ECF8D88C}.Ad-Hoc|ARM64.Build.0 = Release|Any CPU
		{24CE3C36-16B9-426D-AA0C-5961ECF8D88C}.Ad-Hoc|ARM64.Deploy.0 = Release|Any CPU
		{24CE3C36-16B9-426D-AA0C-5961ECF8D88C}.Ad-Hoc|iPhone.ActiveCfg = Release|Any CPU
		{24CE3C36-16B9-426D-AA0C-5961ECF8D88C}.Ad-Hoc|iPhone.Build.0 = Release|Any CPU
		{24CE3C36-16B9-426D-AA0C-5961ECF8D88C}.Ad-Hoc|iPhone.Deploy.0 = Release|Any CPU
		{24CE3C36-16B9-426D-AA0C-5961ECF8D88C}.Ad-Hoc|iPhoneSimulator.ActiveCfg = Release|Any CPU
		{24CE3C36-16B9-426D-AA0C-5961ECF8D88C}.Ad-Hoc|iPhoneSimulator.Build.0 = Release|Any CPU
		{24CE3C36-16B9-426D-AA0C-5961ECF8D88C}.Ad-Hoc|iPhoneSimulator.Deploy.0 = Release|Any CPU
		{24CE3C36-16B9-426D-AA0C-5961ECF8D88C}.Ad-Hoc|x64.ActiveCfg = Release|Any CPU
		{24CE3C36-16B9-426D-AA0C-5961ECF8D88C}.Ad-Hoc|x64.Build.0 = Release|Any CPU
		{24CE3C36-16B9-426D-AA0C-5961ECF8D88C}.Ad-Hoc|x64.Deploy.0 = Release|Any CPU
		{24CE3C36-16B9-426D-AA0C-5961ECF8D88C}.Ad-Hoc|x86.ActiveCfg = Release|Any CPU
		{24CE3C36-16B9-426D-AA0C-5961ECF8D88C}.Ad-Hoc|x86.Build.0 = Release|Any CPU
		{24CE3C36-16B9-426D-AA0C-5961ECF8D88C}.Ad-Hoc|x86.Deploy.0 = Release|Any CPU
		{24CE3C36-16B9-426D-AA0C-5961ECF8D88C}.AppStore|Any CPU.ActiveCfg = Release|Any CPU
		{24CE3C36-16B9-426D-AA0C-5961ECF8D88C}.AppStore|Any CPU.Build.0 = Release|Any CPU
		{24CE3C36-16B9-426D-AA0C-5961ECF8D88C}.AppStore|Any CPU.Deploy.0 = Release|Any CPU
		{24CE3C36-16B9-426D-AA0C-5961ECF8D88C}.AppStore|ARM.ActiveCfg = Release|Any CPU
		{24CE3C36-16B9-426D-AA0C-5961ECF8D88C}.AppStore|ARM.Build.0 = Release|Any CPU
		{24CE3C36-16B9-426D-AA0C-5961ECF8D88C}.AppStore|ARM.Deploy.0 = Release|Any CPU
		{24CE3C36-16B9-426D-AA0C-5961ECF8D88C}.AppStore|ARM64.ActiveCfg = Release|Any CPU
		{24CE3C36-16B9-426D-AA0C-5961ECF8D88C}.AppStore|ARM64.Build.0 = Release|Any CPU
		{24CE3C36-16B9-426D-AA0C-5961ECF8D88C}.AppStore|ARM64.Deploy.0 = Release|Any CPU
		{24CE3C36-16B9-426D-AA0C-5961ECF8D88C}.AppStore|iPhone.ActiveCfg = Release|Any CPU
		{24CE3C36-16B9-426D-AA0C-5961ECF8D88C}.AppStore|iPhone.Build.0 = Release|Any CPU
		{24CE3C36-16B9-426D-AA0C-5961ECF8D88C}.AppStore|iPhone.Deploy.0 = Release|Any CPU
		{24CE3C36-16B9-426D-AA0C-5961ECF8D88C}.AppStore|iPhoneSimulator.ActiveCfg = Release|Any CPU
		{24CE3C36-16B9-426D-AA0C-5961ECF8D88C}.AppStore|iPhoneSimulator.Build.0 = Release|Any CPU
		{24CE3C36-16B9-426D-AA0C-5961ECF8D88C}.AppStore|iPhoneSimulator.Deploy.0 = Release|Any CPU
		{24CE3C36-16B9-426D-AA0C-5961ECF8D88C}.AppStore|x64.ActiveCfg = Release|Any CPU
		{24CE3C36-16B9-426D-AA0C-5961ECF8D88C}.AppStore|x64.Build.0 = Release|Any CPU
		{24CE3C36-16B9-426D-AA0C-5961ECF8D88C}.AppStore|x64.Deploy.0 = Release|Any CPU
		{24CE3C36-16B9-426D-AA0C-5961ECF8D88C}.AppStore|x86.ActiveCfg = Release|Any CPU
		{24CE3C36-16B9-426D-AA0C-5961ECF8D88C}.AppStore|x86.Build.0 = Release|Any CPU
		{24CE3C36-16B9-426D-AA0C-5961ECF8D88C}.AppStore|x86.Deploy.0 = Release|Any CPU
		{24CE3C36-16B9-426D-AA0C-5961ECF8D88C}.Debug|Any CPU.ActiveCfg = Debug|Any CPU
		{24CE3C36-16B9-426D-AA0C-5961ECF8D88C}.Debug|Any CPU.Build.0 = Debug|Any CPU
		{24CE3C36-16B9-426D-AA0C-5961ECF8D88C}.Debug|Any CPU.Deploy.0 = Debug|Any CPU
		{24CE3C36-16B9-426D-AA0C-5961ECF8D88C}.Debug|ARM.ActiveCfg = Debug|Any CPU
		{24CE3C36-16B9-426D-AA0C-5961ECF8D88C}.Debug|ARM.Build.0 = Debug|Any CPU
		{24CE3C36-16B9-426D-AA0C-5961ECF8D88C}.Debug|ARM.Deploy.0 = Debug|Any CPU
		{24CE3C36-16B9-426D-AA0C-5961ECF8D88C}.Debug|ARM64.ActiveCfg = Debug|Any CPU
		{24CE3C36-16B9-426D-AA0C-5961ECF8D88C}.Debug|ARM64.Build.0 = Debug|Any CPU
		{24CE3C36-16B9-426D-AA0C-5961ECF8D88C}.Debug|ARM64.Deploy.0 = Debug|Any CPU
		{24CE3C36-16B9-426D-AA0C-5961ECF8D88C}.Debug|iPhone.ActiveCfg = Debug|Any CPU
		{24CE3C36-16B9-426D-AA0C-5961ECF8D88C}.Debug|iPhone.Build.0 = Debug|Any CPU
		{24CE3C36-16B9-426D-AA0C-5961ECF8D88C}.Debug|iPhone.Deploy.0 = Debug|Any CPU
		{24CE3C36-16B9-426D-AA0C-5961ECF8D88C}.Debug|iPhoneSimulator.ActiveCfg = Debug|Any CPU
		{24CE3C36-16B9-426D-AA0C-5961ECF8D88C}.Debug|iPhoneSimulator.Build.0 = Debug|Any CPU
		{24CE3C36-16B9-426D-AA0C-5961ECF8D88C}.Debug|iPhoneSimulator.Deploy.0 = Debug|Any CPU
		{24CE3C36-16B9-426D-AA0C-5961ECF8D88C}.Debug|x64.ActiveCfg = Debug|Any CPU
		{24CE3C36-16B9-426D-AA0C-5961ECF8D88C}.Debug|x64.Build.0 = Debug|Any CPU
		{24CE3C36-16B9-426D-AA0C-5961ECF8D88C}.Debug|x64.Deploy.0 = Debug|Any CPU
		{24CE3C36-16B9-426D-AA0C-5961ECF8D88C}.Debug|x86.ActiveCfg = Debug|Any CPU
		{24CE3C36-16B9-426D-AA0C-5961ECF8D88C}.Debug|x86.Build.0 = Debug|Any CPU
		{24CE3C36-16B9-426D-AA0C-5961ECF8D88C}.Debug|x86.Deploy.0 = Debug|Any CPU
		{24CE3C36-16B9-426D-AA0C-5961ECF8D88C}.Release|Any CPU.ActiveCfg = Release|Any CPU
		{24CE3C36-16B9-426D-AA0C-5961ECF8D88C}.Release|Any CPU.Build.0 = Release|Any CPU
		{24CE3C36-16B9-426D-AA0C-5961ECF8D88C}.Release|Any CPU.Deploy.0 = Release|Any CPU
		{24CE3C36-16B9-426D-AA0C-5961ECF8D88C}.Release|ARM.ActiveCfg = Release|Any CPU
		{24CE3C36-16B9-426D-AA0C-5961ECF8D88C}.Release|ARM.Build.0 = Release|Any CPU
		{24CE3C36-16B9-426D-AA0C-5961ECF8D88C}.Release|ARM.Deploy.0 = Release|Any CPU
		{24CE3C36-16B9-426D-AA0C-5961ECF8D88C}.Release|ARM64.ActiveCfg = Release|Any CPU
		{24CE3C36-16B9-426D-AA0C-5961ECF8D88C}.Release|ARM64.Build.0 = Release|Any CPU
		{24CE3C36-16B9-426D-AA0C-5961ECF8D88C}.Release|ARM64.Deploy.0 = Release|Any CPU
		{24CE3C36-16B9-426D-AA0C-5961ECF8D88C}.Release|iPhone.ActiveCfg = Release|Any CPU
		{24CE3C36-16B9-426D-AA0C-5961ECF8D88C}.Release|iPhone.Build.0 = Release|Any CPU
		{24CE3C36-16B9-426D-AA0C-5961ECF8D88C}.Release|iPhone.Deploy.0 = Release|Any CPU
		{24CE3C36-16B9-426D-AA0C-5961ECF8D88C}.Release|iPhoneSimulator.ActiveCfg = Release|Any CPU
		{24CE3C36-16B9-426D-AA0C-5961ECF8D88C}.Release|iPhoneSimulator.Build.0 = Release|Any CPU
		{24CE3C36-16B9-426D-AA0C-5961ECF8D88C}.Release|iPhoneSimulator.Deploy.0 = Release|Any CPU
		{24CE3C36-16B9-426D-AA0C-5961ECF8D88C}.Release|x64.ActiveCfg = Release|Any CPU
		{24CE3C36-16B9-426D-AA0C-5961ECF8D88C}.Release|x64.Build.0 = Release|Any CPU
		{24CE3C36-16B9-426D-AA0C-5961ECF8D88C}.Release|x64.Deploy.0 = Release|Any CPU
		{24CE3C36-16B9-426D-AA0C-5961ECF8D88C}.Release|x86.ActiveCfg = Release|Any CPU
		{24CE3C36-16B9-426D-AA0C-5961ECF8D88C}.Release|x86.Build.0 = Release|Any CPU
		{24CE3C36-16B9-426D-AA0C-5961ECF8D88C}.Release|x86.Deploy.0 = Release|Any CPU
		{FB7D250A-9D98-4BC9-9E74-A8222DF54504}.Ad-Hoc|Any CPU.ActiveCfg = Release|iPhoneSimulator
		{FB7D250A-9D98-4BC9-9E74-A8222DF54504}.Ad-Hoc|Any CPU.Build.0 = Release|iPhoneSimulator
		{FB7D250A-9D98-4BC9-9E74-A8222DF54504}.Ad-Hoc|ARM.ActiveCfg = Release|iPhoneSimulator
		{FB7D250A-9D98-4BC9-9E74-A8222DF54504}.Ad-Hoc|ARM.Build.0 = Release|iPhoneSimulator
		{FB7D250A-9D98-4BC9-9E74-A8222DF54504}.Ad-Hoc|ARM64.ActiveCfg = Release|iPhoneSimulator
		{FB7D250A-9D98-4BC9-9E74-A8222DF54504}.Ad-Hoc|ARM64.Build.0 = Release|iPhoneSimulator
		{FB7D250A-9D98-4BC9-9E74-A8222DF54504}.Ad-Hoc|iPhone.ActiveCfg = Release|iPhone
		{FB7D250A-9D98-4BC9-9E74-A8222DF54504}.Ad-Hoc|iPhone.Build.0 = Release|iPhone
		{FB7D250A-9D98-4BC9-9E74-A8222DF54504}.Ad-Hoc|iPhoneSimulator.ActiveCfg = Release|iPhoneSimulator
		{FB7D250A-9D98-4BC9-9E74-A8222DF54504}.Ad-Hoc|iPhoneSimulator.Build.0 = Release|iPhoneSimulator
		{FB7D250A-9D98-4BC9-9E74-A8222DF54504}.Ad-Hoc|x64.ActiveCfg = Release|iPhoneSimulator
		{FB7D250A-9D98-4BC9-9E74-A8222DF54504}.Ad-Hoc|x64.Build.0 = Release|iPhoneSimulator
		{FB7D250A-9D98-4BC9-9E74-A8222DF54504}.Ad-Hoc|x86.ActiveCfg = Release|iPhoneSimulator
		{FB7D250A-9D98-4BC9-9E74-A8222DF54504}.Ad-Hoc|x86.Build.0 = Release|iPhoneSimulator
		{FB7D250A-9D98-4BC9-9E74-A8222DF54504}.AppStore|Any CPU.ActiveCfg = Release|iPhoneSimulator
		{FB7D250A-9D98-4BC9-9E74-A8222DF54504}.AppStore|Any CPU.Build.0 = Release|iPhoneSimulator
		{FB7D250A-9D98-4BC9-9E74-A8222DF54504}.AppStore|ARM.ActiveCfg = Release|iPhoneSimulator
		{FB7D250A-9D98-4BC9-9E74-A8222DF54504}.AppStore|ARM.Build.0 = Release|iPhoneSimulator
		{FB7D250A-9D98-4BC9-9E74-A8222DF54504}.AppStore|ARM64.ActiveCfg = Release|iPhoneSimulator
		{FB7D250A-9D98-4BC9-9E74-A8222DF54504}.AppStore|ARM64.Build.0 = Release|iPhoneSimulator
		{FB7D250A-9D98-4BC9-9E74-A8222DF54504}.AppStore|iPhone.ActiveCfg = Release|iPhone
		{FB7D250A-9D98-4BC9-9E74-A8222DF54504}.AppStore|iPhone.Build.0 = Release|iPhone
		{FB7D250A-9D98-4BC9-9E74-A8222DF54504}.AppStore|iPhoneSimulator.ActiveCfg = Release|iPhoneSimulator
		{FB7D250A-9D98-4BC9-9E74-A8222DF54504}.AppStore|iPhoneSimulator.Build.0 = Release|iPhoneSimulator
		{FB7D250A-9D98-4BC9-9E74-A8222DF54504}.AppStore|x64.ActiveCfg = Release|iPhoneSimulator
		{FB7D250A-9D98-4BC9-9E74-A8222DF54504}.AppStore|x64.Build.0 = Release|iPhoneSimulator
		{FB7D250A-9D98-4BC9-9E74-A8222DF54504}.AppStore|x86.ActiveCfg = Release|iPhoneSimulator
		{FB7D250A-9D98-4BC9-9E74-A8222DF54504}.AppStore|x86.Build.0 = Release|iPhoneSimulator
		{FB7D250A-9D98-4BC9-9E74-A8222DF54504}.Debug|Any CPU.ActiveCfg = Debug|iPhoneSimulator
		{FB7D250A-9D98-4BC9-9E74-A8222DF54504}.Debug|Any CPU.Build.0 = Debug|iPhoneSimulator
		{FB7D250A-9D98-4BC9-9E74-A8222DF54504}.Debug|Any CPU.Deploy.0 = Debug|iPhoneSimulator
		{FB7D250A-9D98-4BC9-9E74-A8222DF54504}.Debug|ARM.ActiveCfg = Debug|iPhone
		{FB7D250A-9D98-4BC9-9E74-A8222DF54504}.Debug|ARM64.ActiveCfg = Debug|iPhone
		{FB7D250A-9D98-4BC9-9E74-A8222DF54504}.Debug|iPhone.ActiveCfg = Debug|iPhone
		{FB7D250A-9D98-4BC9-9E74-A8222DF54504}.Debug|iPhone.Build.0 = Debug|iPhone
		{FB7D250A-9D98-4BC9-9E74-A8222DF54504}.Debug|iPhone.Deploy.0 = Debug|iPhone
		{FB7D250A-9D98-4BC9-9E74-A8222DF54504}.Debug|iPhoneSimulator.ActiveCfg = Debug|iPhoneSimulator
		{FB7D250A-9D98-4BC9-9E74-A8222DF54504}.Debug|iPhoneSimulator.Build.0 = Debug|iPhoneSimulator
		{FB7D250A-9D98-4BC9-9E74-A8222DF54504}.Debug|iPhoneSimulator.Deploy.0 = Debug|iPhoneSimulator
		{FB7D250A-9D98-4BC9-9E74-A8222DF54504}.Debug|x64.ActiveCfg = Debug|iPhone
		{FB7D250A-9D98-4BC9-9E74-A8222DF54504}.Debug|x86.ActiveCfg = Debug|iPhone
		{FB7D250A-9D98-4BC9-9E74-A8222DF54504}.Release|Any CPU.ActiveCfg = Release|iPhone
		{FB7D250A-9D98-4BC9-9E74-A8222DF54504}.Release|Any CPU.Build.0 = Release|iPhone
		{FB7D250A-9D98-4BC9-9E74-A8222DF54504}.Release|Any CPU.Deploy.0 = Release|iPhone
		{FB7D250A-9D98-4BC9-9E74-A8222DF54504}.Release|ARM.ActiveCfg = Release|iPhoneSimulator
		{FB7D250A-9D98-4BC9-9E74-A8222DF54504}.Release|ARM64.ActiveCfg = Release|iPhoneSimulator
		{FB7D250A-9D98-4BC9-9E74-A8222DF54504}.Release|iPhone.ActiveCfg = Release|iPhone
		{FB7D250A-9D98-4BC9-9E74-A8222DF54504}.Release|iPhone.Build.0 = Release|iPhone
		{FB7D250A-9D98-4BC9-9E74-A8222DF54504}.Release|iPhone.Deploy.0 = Release|iPhone
		{FB7D250A-9D98-4BC9-9E74-A8222DF54504}.Release|iPhoneSimulator.ActiveCfg = Release|iPhoneSimulator
		{FB7D250A-9D98-4BC9-9E74-A8222DF54504}.Release|iPhoneSimulator.Build.0 = Release|iPhoneSimulator
		{FB7D250A-9D98-4BC9-9E74-A8222DF54504}.Release|iPhoneSimulator.Deploy.0 = Release|iPhoneSimulator
		{FB7D250A-9D98-4BC9-9E74-A8222DF54504}.Release|x64.ActiveCfg = Release|iPhoneSimulator
		{FB7D250A-9D98-4BC9-9E74-A8222DF54504}.Release|x86.ActiveCfg = Release|iPhoneSimulator
		{95D25413-4E3D-486D-A984-5BD32C438288}.Ad-Hoc|Any CPU.ActiveCfg = Release|Any CPU
		{95D25413-4E3D-486D-A984-5BD32C438288}.Ad-Hoc|Any CPU.Build.0 = Release|Any CPU
		{95D25413-4E3D-486D-A984-5BD32C438288}.Ad-Hoc|ARM.ActiveCfg = Release|Any CPU
		{95D25413-4E3D-486D-A984-5BD32C438288}.Ad-Hoc|ARM.Build.0 = Release|Any CPU
		{95D25413-4E3D-486D-A984-5BD32C438288}.Ad-Hoc|ARM64.ActiveCfg = Release|Any CPU
		{95D25413-4E3D-486D-A984-5BD32C438288}.Ad-Hoc|ARM64.Build.0 = Release|Any CPU
		{95D25413-4E3D-486D-A984-5BD32C438288}.Ad-Hoc|iPhone.ActiveCfg = Release|Any CPU
		{95D25413-4E3D-486D-A984-5BD32C438288}.Ad-Hoc|iPhone.Build.0 = Release|Any CPU
		{95D25413-4E3D-486D-A984-5BD32C438288}.Ad-Hoc|iPhoneSimulator.ActiveCfg = Release|Any CPU
		{95D25413-4E3D-486D-A984-5BD32C438288}.Ad-Hoc|iPhoneSimulator.Build.0 = Release|Any CPU
		{95D25413-4E3D-486D-A984-5BD32C438288}.Ad-Hoc|x64.ActiveCfg = Release|Any CPU
		{95D25413-4E3D-486D-A984-5BD32C438288}.Ad-Hoc|x64.Build.0 = Release|Any CPU
		{95D25413-4E3D-486D-A984-5BD32C438288}.Ad-Hoc|x86.ActiveCfg = Release|Any CPU
		{95D25413-4E3D-486D-A984-5BD32C438288}.Ad-Hoc|x86.Build.0 = Release|Any CPU
		{95D25413-4E3D-486D-A984-5BD32C438288}.AppStore|Any CPU.ActiveCfg = Release|Any CPU
		{95D25413-4E3D-486D-A984-5BD32C438288}.AppStore|Any CPU.Build.0 = Release|Any CPU
		{95D25413-4E3D-486D-A984-5BD32C438288}.AppStore|ARM.ActiveCfg = Release|Any CPU
		{95D25413-4E3D-486D-A984-5BD32C438288}.AppStore|ARM.Build.0 = Release|Any CPU
		{95D25413-4E3D-486D-A984-5BD32C438288}.AppStore|ARM64.ActiveCfg = Release|Any CPU
		{95D25413-4E3D-486D-A984-5BD32C438288}.AppStore|ARM64.Build.0 = Release|Any CPU
		{95D25413-4E3D-486D-A984-5BD32C438288}.AppStore|iPhone.ActiveCfg = Release|Any CPU
		{95D25413-4E3D-486D-A984-5BD32C438288}.AppStore|iPhone.Build.0 = Release|Any CPU
		{95D25413-4E3D-486D-A984-5BD32C438288}.AppStore|iPhoneSimulator.ActiveCfg = Release|Any CPU
		{95D25413-4E3D-486D-A984-5BD32C438288}.AppStore|iPhoneSimulator.Build.0 = Release|Any CPU
		{95D25413-4E3D-486D-A984-5BD32C438288}.AppStore|x64.ActiveCfg = Release|Any CPU
		{95D25413-4E3D-486D-A984-5BD32C438288}.AppStore|x64.Build.0 = Release|Any CPU
		{95D25413-4E3D-486D-A984-5BD32C438288}.AppStore|x86.ActiveCfg = Release|Any CPU
		{95D25413-4E3D-486D-A984-5BD32C438288}.AppStore|x86.Build.0 = Release|Any CPU
		{95D25413-4E3D-486D-A984-5BD32C438288}.Debug|Any CPU.ActiveCfg = Debug|Any CPU
		{95D25413-4E3D-486D-A984-5BD32C438288}.Debug|Any CPU.Build.0 = Debug|Any CPU
		{95D25413-4E3D-486D-A984-5BD32C438288}.Debug|Any CPU.Deploy.0 = Debug|Any CPU
		{95D25413-4E3D-486D-A984-5BD32C438288}.Debug|ARM.ActiveCfg = Debug|Any CPU
		{95D25413-4E3D-486D-A984-5BD32C438288}.Debug|ARM.Build.0 = Debug|Any CPU
		{95D25413-4E3D-486D-A984-5BD32C438288}.Debug|ARM64.ActiveCfg = Debug|Any CPU
		{95D25413-4E3D-486D-A984-5BD32C438288}.Debug|ARM64.Build.0 = Debug|Any CPU
		{95D25413-4E3D-486D-A984-5BD32C438288}.Debug|iPhone.ActiveCfg = Debug|Any CPU
		{95D25413-4E3D-486D-A984-5BD32C438288}.Debug|iPhone.Build.0 = Debug|Any CPU
		{95D25413-4E3D-486D-A984-5BD32C438288}.Debug|iPhone.Deploy.0 = Debug|Any CPU
		{95D25413-4E3D-486D-A984-5BD32C438288}.Debug|iPhoneSimulator.ActiveCfg = Debug|Any CPU
		{95D25413-4E3D-486D-A984-5BD32C438288}.Debug|iPhoneSimulator.Build.0 = Debug|Any CPU
		{95D25413-4E3D-486D-A984-5BD32C438288}.Debug|iPhoneSimulator.Deploy.0 = Debug|Any CPU
		{95D25413-4E3D-486D-A984-5BD32C438288}.Debug|x64.ActiveCfg = Debug|Any CPU
		{95D25413-4E3D-486D-A984-5BD32C438288}.Debug|x64.Build.0 = Debug|Any CPU
		{95D25413-4E3D-486D-A984-5BD32C438288}.Debug|x86.ActiveCfg = Debug|Any CPU
		{95D25413-4E3D-486D-A984-5BD32C438288}.Debug|x86.Build.0 = Debug|Any CPU
		{95D25413-4E3D-486D-A984-5BD32C438288}.Release|Any CPU.ActiveCfg = Release|Any CPU
		{95D25413-4E3D-486D-A984-5BD32C438288}.Release|Any CPU.Build.0 = Release|Any CPU
		{95D25413-4E3D-486D-A984-5BD32C438288}.Release|Any CPU.Deploy.0 = Release|Any CPU
		{95D25413-4E3D-486D-A984-5BD32C438288}.Release|ARM.ActiveCfg = Release|Any CPU
		{95D25413-4E3D-486D-A984-5BD32C438288}.Release|ARM.Build.0 = Release|Any CPU
		{95D25413-4E3D-486D-A984-5BD32C438288}.Release|ARM64.ActiveCfg = Release|Any CPU
		{95D25413-4E3D-486D-A984-5BD32C438288}.Release|ARM64.Build.0 = Release|Any CPU
		{95D25413-4E3D-486D-A984-5BD32C438288}.Release|iPhone.ActiveCfg = Release|Any CPU
		{95D25413-4E3D-486D-A984-5BD32C438288}.Release|iPhone.Build.0 = Release|Any CPU
		{95D25413-4E3D-486D-A984-5BD32C438288}.Release|iPhone.Deploy.0 = Release|Any CPU
		{95D25413-4E3D-486D-A984-5BD32C438288}.Release|iPhoneSimulator.ActiveCfg = Release|Any CPU
		{95D25413-4E3D-486D-A984-5BD32C438288}.Release|iPhoneSimulator.Build.0 = Release|Any CPU
		{95D25413-4E3D-486D-A984-5BD32C438288}.Release|iPhoneSimulator.Deploy.0 = Release|Any CPU
		{95D25413-4E3D-486D-A984-5BD32C438288}.Release|x64.ActiveCfg = Release|Any CPU
		{95D25413-4E3D-486D-A984-5BD32C438288}.Release|x64.Build.0 = Release|Any CPU
		{95D25413-4E3D-486D-A984-5BD32C438288}.Release|x86.ActiveCfg = Release|Any CPU
		{95D25413-4E3D-486D-A984-5BD32C438288}.Release|x86.Build.0 = Release|Any CPU
		{755484EE-702C-47F3-8F0E-B1B16595F46C}.Ad-Hoc|Any CPU.ActiveCfg = Release|Any CPU
		{755484EE-702C-47F3-8F0E-B1B16595F46C}.Ad-Hoc|Any CPU.Build.0 = Release|Any CPU
		{755484EE-702C-47F3-8F0E-B1B16595F46C}.Ad-Hoc|ARM.ActiveCfg = Release|Any CPU
		{755484EE-702C-47F3-8F0E-B1B16595F46C}.Ad-Hoc|ARM.Build.0 = Release|Any CPU
		{755484EE-702C-47F3-8F0E-B1B16595F46C}.Ad-Hoc|ARM64.ActiveCfg = Release|Any CPU
		{755484EE-702C-47F3-8F0E-B1B16595F46C}.Ad-Hoc|ARM64.Build.0 = Release|Any CPU
		{755484EE-702C-47F3-8F0E-B1B16595F46C}.Ad-Hoc|iPhone.ActiveCfg = Release|Any CPU
		{755484EE-702C-47F3-8F0E-B1B16595F46C}.Ad-Hoc|iPhone.Build.0 = Release|Any CPU
		{755484EE-702C-47F3-8F0E-B1B16595F46C}.Ad-Hoc|iPhoneSimulator.ActiveCfg = Release|Any CPU
		{755484EE-702C-47F3-8F0E-B1B16595F46C}.Ad-Hoc|iPhoneSimulator.Build.0 = Release|Any CPU
		{755484EE-702C-47F3-8F0E-B1B16595F46C}.Ad-Hoc|x64.ActiveCfg = Release|Any CPU
		{755484EE-702C-47F3-8F0E-B1B16595F46C}.Ad-Hoc|x64.Build.0 = Release|Any CPU
		{755484EE-702C-47F3-8F0E-B1B16595F46C}.Ad-Hoc|x86.ActiveCfg = Release|Any CPU
		{755484EE-702C-47F3-8F0E-B1B16595F46C}.Ad-Hoc|x86.Build.0 = Release|Any CPU
		{755484EE-702C-47F3-8F0E-B1B16595F46C}.AppStore|Any CPU.ActiveCfg = Release|Any CPU
		{755484EE-702C-47F3-8F0E-B1B16595F46C}.AppStore|Any CPU.Build.0 = Release|Any CPU
		{755484EE-702C-47F3-8F0E-B1B16595F46C}.AppStore|ARM.ActiveCfg = Release|Any CPU
		{755484EE-702C-47F3-8F0E-B1B16595F46C}.AppStore|ARM.Build.0 = Release|Any CPU
		{755484EE-702C-47F3-8F0E-B1B16595F46C}.AppStore|ARM64.ActiveCfg = Release|Any CPU
		{755484EE-702C-47F3-8F0E-B1B16595F46C}.AppStore|ARM64.Build.0 = Release|Any CPU
		{755484EE-702C-47F3-8F0E-B1B16595F46C}.AppStore|iPhone.ActiveCfg = Release|Any CPU
		{755484EE-702C-47F3-8F0E-B1B16595F46C}.AppStore|iPhone.Build.0 = Release|Any CPU
		{755484EE-702C-47F3-8F0E-B1B16595F46C}.AppStore|iPhoneSimulator.ActiveCfg = Release|Any CPU
		{755484EE-702C-47F3-8F0E-B1B16595F46C}.AppStore|iPhoneSimulator.Build.0 = Release|Any CPU
		{755484EE-702C-47F3-8F0E-B1B16595F46C}.AppStore|x64.ActiveCfg = Release|Any CPU
		{755484EE-702C-47F3-8F0E-B1B16595F46C}.AppStore|x64.Build.0 = Release|Any CPU
		{755484EE-702C-47F3-8F0E-B1B16595F46C}.AppStore|x86.ActiveCfg = Release|Any CPU
		{755484EE-702C-47F3-8F0E-B1B16595F46C}.AppStore|x86.Build.0 = Release|Any CPU
		{755484EE-702C-47F3-8F0E-B1B16595F46C}.Debug|Any CPU.ActiveCfg = Debug|Any CPU
		{755484EE-702C-47F3-8F0E-B1B16595F46C}.Debug|Any CPU.Build.0 = Debug|Any CPU
		{755484EE-702C-47F3-8F0E-B1B16595F46C}.Debug|ARM.ActiveCfg = Debug|Any CPU
		{755484EE-702C-47F3-8F0E-B1B16595F46C}.Debug|ARM.Build.0 = Debug|Any CPU
		{755484EE-702C-47F3-8F0E-B1B16595F46C}.Debug|ARM64.ActiveCfg = Debug|Any CPU
		{755484EE-702C-47F3-8F0E-B1B16595F46C}.Debug|ARM64.Build.0 = Debug|Any CPU
		{755484EE-702C-47F3-8F0E-B1B16595F46C}.Debug|iPhone.ActiveCfg = Debug|Any CPU
		{755484EE-702C-47F3-8F0E-B1B16595F46C}.Debug|iPhone.Build.0 = Debug|Any CPU
		{755484EE-702C-47F3-8F0E-B1B16595F46C}.Debug|iPhoneSimulator.ActiveCfg = Debug|Any CPU
		{755484EE-702C-47F3-8F0E-B1B16595F46C}.Debug|iPhoneSimulator.Build.0 = Debug|Any CPU
		{755484EE-702C-47F3-8F0E-B1B16595F46C}.Debug|x64.ActiveCfg = Debug|Any CPU
		{755484EE-702C-47F3-8F0E-B1B16595F46C}.Debug|x64.Build.0 = Debug|Any CPU
		{755484EE-702C-47F3-8F0E-B1B16595F46C}.Debug|x86.ActiveCfg = Debug|Any CPU
		{755484EE-702C-47F3-8F0E-B1B16595F46C}.Debug|x86.Build.0 = Debug|Any CPU
		{755484EE-702C-47F3-8F0E-B1B16595F46C}.Release|Any CPU.ActiveCfg = Release|Any CPU
		{755484EE-702C-47F3-8F0E-B1B16595F46C}.Release|Any CPU.Build.0 = Release|Any CPU
		{755484EE-702C-47F3-8F0E-B1B16595F46C}.Release|ARM.ActiveCfg = Release|Any CPU
		{755484EE-702C-47F3-8F0E-B1B16595F46C}.Release|ARM.Build.0 = Release|Any CPU
		{755484EE-702C-47F3-8F0E-B1B16595F46C}.Release|ARM64.ActiveCfg = Release|Any CPU
		{755484EE-702C-47F3-8F0E-B1B16595F46C}.Release|ARM64.Build.0 = Release|Any CPU
		{755484EE-702C-47F3-8F0E-B1B16595F46C}.Release|iPhone.ActiveCfg = Release|Any CPU
		{755484EE-702C-47F3-8F0E-B1B16595F46C}.Release|iPhone.Build.0 = Release|Any CPU
		{755484EE-702C-47F3-8F0E-B1B16595F46C}.Release|iPhoneSimulator.ActiveCfg = Release|Any CPU
		{755484EE-702C-47F3-8F0E-B1B16595F46C}.Release|iPhoneSimulator.Build.0 = Release|Any CPU
		{755484EE-702C-47F3-8F0E-B1B16595F46C}.Release|x64.ActiveCfg = Release|Any CPU
		{755484EE-702C-47F3-8F0E-B1B16595F46C}.Release|x64.Build.0 = Release|Any CPU
		{755484EE-702C-47F3-8F0E-B1B16595F46C}.Release|x86.ActiveCfg = Release|Any CPU
		{755484EE-702C-47F3-8F0E-B1B16595F46C}.Release|x86.Build.0 = Release|Any CPU
		{36B3343F-5D30-43BC-A3D7-371DFCF7A82E}.Ad-Hoc|Any CPU.ActiveCfg = Release|Any CPU
		{36B3343F-5D30-43BC-A3D7-371DFCF7A82E}.Ad-Hoc|Any CPU.Build.0 = Release|Any CPU
		{36B3343F-5D30-43BC-A3D7-371DFCF7A82E}.Ad-Hoc|ARM.ActiveCfg = Release|Any CPU
		{36B3343F-5D30-43BC-A3D7-371DFCF7A82E}.Ad-Hoc|ARM.Build.0 = Release|Any CPU
		{36B3343F-5D30-43BC-A3D7-371DFCF7A82E}.Ad-Hoc|ARM64.ActiveCfg = Release|Any CPU
		{36B3343F-5D30-43BC-A3D7-371DFCF7A82E}.Ad-Hoc|ARM64.Build.0 = Release|Any CPU
		{36B3343F-5D30-43BC-A3D7-371DFCF7A82E}.Ad-Hoc|iPhone.ActiveCfg = Release|Any CPU
		{36B3343F-5D30-43BC-A3D7-371DFCF7A82E}.Ad-Hoc|iPhone.Build.0 = Release|Any CPU
		{36B3343F-5D30-43BC-A3D7-371DFCF7A82E}.Ad-Hoc|iPhoneSimulator.ActiveCfg = Release|Any CPU
		{36B3343F-5D30-43BC-A3D7-371DFCF7A82E}.Ad-Hoc|iPhoneSimulator.Build.0 = Release|Any CPU
		{36B3343F-5D30-43BC-A3D7-371DFCF7A82E}.Ad-Hoc|x64.ActiveCfg = Release|Any CPU
		{36B3343F-5D30-43BC-A3D7-371DFCF7A82E}.Ad-Hoc|x64.Build.0 = Release|Any CPU
		{36B3343F-5D30-43BC-A3D7-371DFCF7A82E}.Ad-Hoc|x86.ActiveCfg = Release|Any CPU
		{36B3343F-5D30-43BC-A3D7-371DFCF7A82E}.Ad-Hoc|x86.Build.0 = Release|Any CPU
		{36B3343F-5D30-43BC-A3D7-371DFCF7A82E}.AppStore|Any CPU.ActiveCfg = Release|Any CPU
		{36B3343F-5D30-43BC-A3D7-371DFCF7A82E}.AppStore|Any CPU.Build.0 = Release|Any CPU
		{36B3343F-5D30-43BC-A3D7-371DFCF7A82E}.AppStore|ARM.ActiveCfg = Release|Any CPU
		{36B3343F-5D30-43BC-A3D7-371DFCF7A82E}.AppStore|ARM.Build.0 = Release|Any CPU
		{36B3343F-5D30-43BC-A3D7-371DFCF7A82E}.AppStore|ARM64.ActiveCfg = Release|Any CPU
		{36B3343F-5D30-43BC-A3D7-371DFCF7A82E}.AppStore|ARM64.Build.0 = Release|Any CPU
		{36B3343F-5D30-43BC-A3D7-371DFCF7A82E}.AppStore|iPhone.ActiveCfg = Release|Any CPU
		{36B3343F-5D30-43BC-A3D7-371DFCF7A82E}.AppStore|iPhone.Build.0 = Release|Any CPU
		{36B3343F-5D30-43BC-A3D7-371DFCF7A82E}.AppStore|iPhoneSimulator.ActiveCfg = Release|Any CPU
		{36B3343F-5D30-43BC-A3D7-371DFCF7A82E}.AppStore|iPhoneSimulator.Build.0 = Release|Any CPU
		{36B3343F-5D30-43BC-A3D7-371DFCF7A82E}.AppStore|x64.ActiveCfg = Release|Any CPU
		{36B3343F-5D30-43BC-A3D7-371DFCF7A82E}.AppStore|x64.Build.0 = Release|Any CPU
		{36B3343F-5D30-43BC-A3D7-371DFCF7A82E}.AppStore|x86.ActiveCfg = Release|Any CPU
		{36B3343F-5D30-43BC-A3D7-371DFCF7A82E}.AppStore|x86.Build.0 = Release|Any CPU
		{36B3343F-5D30-43BC-A3D7-371DFCF7A82E}.Debug|Any CPU.ActiveCfg = Debug|Any CPU
		{36B3343F-5D30-43BC-A3D7-371DFCF7A82E}.Debug|Any CPU.Build.0 = Debug|Any CPU
		{36B3343F-5D30-43BC-A3D7-371DFCF7A82E}.Debug|ARM.ActiveCfg = Debug|Any CPU
		{36B3343F-5D30-43BC-A3D7-371DFCF7A82E}.Debug|ARM.Build.0 = Debug|Any CPU
		{36B3343F-5D30-43BC-A3D7-371DFCF7A82E}.Debug|ARM64.ActiveCfg = Debug|Any CPU
		{36B3343F-5D30-43BC-A3D7-371DFCF7A82E}.Debug|ARM64.Build.0 = Debug|Any CPU
		{36B3343F-5D30-43BC-A3D7-371DFCF7A82E}.Debug|iPhone.ActiveCfg = Debug|Any CPU
		{36B3343F-5D30-43BC-A3D7-371DFCF7A82E}.Debug|iPhone.Build.0 = Debug|Any CPU
		{36B3343F-5D30-43BC-A3D7-371DFCF7A82E}.Debug|iPhoneSimulator.ActiveCfg = Debug|Any CPU
		{36B3343F-5D30-43BC-A3D7-371DFCF7A82E}.Debug|iPhoneSimulator.Build.0 = Debug|Any CPU
		{36B3343F-5D30-43BC-A3D7-371DFCF7A82E}.Debug|x64.ActiveCfg = Debug|Any CPU
		{36B3343F-5D30-43BC-A3D7-371DFCF7A82E}.Debug|x64.Build.0 = Debug|Any CPU
		{36B3343F-5D30-43BC-A3D7-371DFCF7A82E}.Debug|x86.ActiveCfg = Debug|Any CPU
		{36B3343F-5D30-43BC-A3D7-371DFCF7A82E}.Debug|x86.Build.0 = Debug|Any CPU
		{36B3343F-5D30-43BC-A3D7-371DFCF7A82E}.Release|Any CPU.ActiveCfg = Release|Any CPU
		{36B3343F-5D30-43BC-A3D7-371DFCF7A82E}.Release|Any CPU.Build.0 = Release|Any CPU
		{36B3343F-5D30-43BC-A3D7-371DFCF7A82E}.Release|ARM.ActiveCfg = Release|Any CPU
		{36B3343F-5D30-43BC-A3D7-371DFCF7A82E}.Release|ARM.Build.0 = Release|Any CPU
		{36B3343F-5D30-43BC-A3D7-371DFCF7A82E}.Release|ARM64.ActiveCfg = Release|Any CPU
		{36B3343F-5D30-43BC-A3D7-371DFCF7A82E}.Release|ARM64.Build.0 = Release|Any CPU
		{36B3343F-5D30-43BC-A3D7-371DFCF7A82E}.Release|iPhone.ActiveCfg = Release|Any CPU
		{36B3343F-5D30-43BC-A3D7-371DFCF7A82E}.Release|iPhone.Build.0 = Release|Any CPU
		{36B3343F-5D30-43BC-A3D7-371DFCF7A82E}.Release|iPhoneSimulator.ActiveCfg = Release|Any CPU
		{36B3343F-5D30-43BC-A3D7-371DFCF7A82E}.Release|iPhoneSimulator.Build.0 = Release|Any CPU
		{36B3343F-5D30-43BC-A3D7-371DFCF7A82E}.Release|x64.ActiveCfg = Release|Any CPU
		{36B3343F-5D30-43BC-A3D7-371DFCF7A82E}.Release|x64.Build.0 = Release|Any CPU
		{36B3343F-5D30-43BC-A3D7-371DFCF7A82E}.Release|x86.ActiveCfg = Release|Any CPU
		{36B3343F-5D30-43BC-A3D7-371DFCF7A82E}.Release|x86.Build.0 = Release|Any CPU
		{4AEFDB59-CAD9-4FD0-954E-F2C686200A55}.Ad-Hoc|Any CPU.ActiveCfg = Release|Any CPU
		{4AEFDB59-CAD9-4FD0-954E-F2C686200A55}.Ad-Hoc|Any CPU.Build.0 = Release|Any CPU
		{4AEFDB59-CAD9-4FD0-954E-F2C686200A55}.Ad-Hoc|ARM.ActiveCfg = Release|Any CPU
		{4AEFDB59-CAD9-4FD0-954E-F2C686200A55}.Ad-Hoc|ARM.Build.0 = Release|Any CPU
		{4AEFDB59-CAD9-4FD0-954E-F2C686200A55}.Ad-Hoc|ARM64.ActiveCfg = Release|Any CPU
		{4AEFDB59-CAD9-4FD0-954E-F2C686200A55}.Ad-Hoc|ARM64.Build.0 = Release|Any CPU
		{4AEFDB59-CAD9-4FD0-954E-F2C686200A55}.Ad-Hoc|iPhone.ActiveCfg = Release|Any CPU
		{4AEFDB59-CAD9-4FD0-954E-F2C686200A55}.Ad-Hoc|iPhone.Build.0 = Release|Any CPU
		{4AEFDB59-CAD9-4FD0-954E-F2C686200A55}.Ad-Hoc|iPhoneSimulator.ActiveCfg = Release|Any CPU
		{4AEFDB59-CAD9-4FD0-954E-F2C686200A55}.Ad-Hoc|iPhoneSimulator.Build.0 = Release|Any CPU
		{4AEFDB59-CAD9-4FD0-954E-F2C686200A55}.Ad-Hoc|x64.ActiveCfg = Release|Any CPU
		{4AEFDB59-CAD9-4FD0-954E-F2C686200A55}.Ad-Hoc|x64.Build.0 = Release|Any CPU
		{4AEFDB59-CAD9-4FD0-954E-F2C686200A55}.Ad-Hoc|x86.ActiveCfg = Release|Any CPU
		{4AEFDB59-CAD9-4FD0-954E-F2C686200A55}.Ad-Hoc|x86.Build.0 = Release|Any CPU
		{4AEFDB59-CAD9-4FD0-954E-F2C686200A55}.AppStore|Any CPU.ActiveCfg = Release|Any CPU
		{4AEFDB59-CAD9-4FD0-954E-F2C686200A55}.AppStore|Any CPU.Build.0 = Release|Any CPU
		{4AEFDB59-CAD9-4FD0-954E-F2C686200A55}.AppStore|ARM.ActiveCfg = Release|Any CPU
		{4AEFDB59-CAD9-4FD0-954E-F2C686200A55}.AppStore|ARM.Build.0 = Release|Any CPU
		{4AEFDB59-CAD9-4FD0-954E-F2C686200A55}.AppStore|ARM64.ActiveCfg = Release|Any CPU
		{4AEFDB59-CAD9-4FD0-954E-F2C686200A55}.AppStore|ARM64.Build.0 = Release|Any CPU
		{4AEFDB59-CAD9-4FD0-954E-F2C686200A55}.AppStore|iPhone.ActiveCfg = Release|Any CPU
		{4AEFDB59-CAD9-4FD0-954E-F2C686200A55}.AppStore|iPhone.Build.0 = Release|Any CPU
		{4AEFDB59-CAD9-4FD0-954E-F2C686200A55}.AppStore|iPhoneSimulator.ActiveCfg = Release|Any CPU
		{4AEFDB59-CAD9-4FD0-954E-F2C686200A55}.AppStore|iPhoneSimulator.Build.0 = Release|Any CPU
		{4AEFDB59-CAD9-4FD0-954E-F2C686200A55}.AppStore|x64.ActiveCfg = Release|Any CPU
		{4AEFDB59-CAD9-4FD0-954E-F2C686200A55}.AppStore|x64.Build.0 = Release|Any CPU
		{4AEFDB59-CAD9-4FD0-954E-F2C686200A55}.AppStore|x86.ActiveCfg = Release|Any CPU
		{4AEFDB59-CAD9-4FD0-954E-F2C686200A55}.AppStore|x86.Build.0 = Release|Any CPU
		{4AEFDB59-CAD9-4FD0-954E-F2C686200A55}.Debug|Any CPU.ActiveCfg = Debug|Any CPU
		{4AEFDB59-CAD9-4FD0-954E-F2C686200A55}.Debug|Any CPU.Build.0 = Debug|Any CPU
		{4AEFDB59-CAD9-4FD0-954E-F2C686200A55}.Debug|ARM.ActiveCfg = Debug|Any CPU
		{4AEFDB59-CAD9-4FD0-954E-F2C686200A55}.Debug|ARM.Build.0 = Debug|Any CPU
		{4AEFDB59-CAD9-4FD0-954E-F2C686200A55}.Debug|ARM64.ActiveCfg = Debug|Any CPU
		{4AEFDB59-CAD9-4FD0-954E-F2C686200A55}.Debug|ARM64.Build.0 = Debug|Any CPU
		{4AEFDB59-CAD9-4FD0-954E-F2C686200A55}.Debug|iPhone.ActiveCfg = Debug|Any CPU
		{4AEFDB59-CAD9-4FD0-954E-F2C686200A55}.Debug|iPhone.Build.0 = Debug|Any CPU
		{4AEFDB59-CAD9-4FD0-954E-F2C686200A55}.Debug|iPhoneSimulator.ActiveCfg = Debug|Any CPU
		{4AEFDB59-CAD9-4FD0-954E-F2C686200A55}.Debug|iPhoneSimulator.Build.0 = Debug|Any CPU
		{4AEFDB59-CAD9-4FD0-954E-F2C686200A55}.Debug|x64.ActiveCfg = Debug|Any CPU
		{4AEFDB59-CAD9-4FD0-954E-F2C686200A55}.Debug|x64.Build.0 = Debug|Any CPU
		{4AEFDB59-CAD9-4FD0-954E-F2C686200A55}.Debug|x86.ActiveCfg = Debug|Any CPU
		{4AEFDB59-CAD9-4FD0-954E-F2C686200A55}.Debug|x86.Build.0 = Debug|Any CPU
		{4AEFDB59-CAD9-4FD0-954E-F2C686200A55}.Release|Any CPU.ActiveCfg = Release|Any CPU
		{4AEFDB59-CAD9-4FD0-954E-F2C686200A55}.Release|Any CPU.Build.0 = Release|Any CPU
		{4AEFDB59-CAD9-4FD0-954E-F2C686200A55}.Release|ARM.ActiveCfg = Release|Any CPU
		{4AEFDB59-CAD9-4FD0-954E-F2C686200A55}.Release|ARM.Build.0 = Release|Any CPU
		{4AEFDB59-CAD9-4FD0-954E-F2C686200A55}.Release|ARM64.ActiveCfg = Release|Any CPU
		{4AEFDB59-CAD9-4FD0-954E-F2C686200A55}.Release|ARM64.Build.0 = Release|Any CPU
		{4AEFDB59-CAD9-4FD0-954E-F2C686200A55}.Release|iPhone.ActiveCfg = Release|Any CPU
		{4AEFDB59-CAD9-4FD0-954E-F2C686200A55}.Release|iPhone.Build.0 = Release|Any CPU
		{4AEFDB59-CAD9-4FD0-954E-F2C686200A55}.Release|iPhoneSimulator.ActiveCfg = Release|Any CPU
		{4AEFDB59-CAD9-4FD0-954E-F2C686200A55}.Release|iPhoneSimulator.Build.0 = Release|Any CPU
		{4AEFDB59-CAD9-4FD0-954E-F2C686200A55}.Release|x64.ActiveCfg = Release|Any CPU
		{4AEFDB59-CAD9-4FD0-954E-F2C686200A55}.Release|x64.Build.0 = Release|Any CPU
		{4AEFDB59-CAD9-4FD0-954E-F2C686200A55}.Release|x86.ActiveCfg = Release|Any CPU
		{4AEFDB59-CAD9-4FD0-954E-F2C686200A55}.Release|x86.Build.0 = Release|Any CPU
	EndGlobalSection
	GlobalSection(SolutionProperties) = preSolution
		HideSolutionNode = FALSE
	EndGlobalSection
	GlobalSection(ExtensibilityGlobals) = postSolution
		SolutionGuid = {A6657C6D-68BF-478E-B697-2E51D416B457}
	EndGlobalSection
EndGlobal
